
Microsoft Visual Studio Solution File, Format Version 12.00
# Visual Studio Version 17
VisualStudioVersion = 17.13.35825.156 d17.13
MinimumVisualStudioVersion = 10.0.40219.1
Project("{FAE04EC0-301F-11D3-BF4B-00C04F79EFBC}") = "Constructor", "Constructor\Constructor.csproj", "{B6737BAC-ADE1-493B-88BA-89F480F6D32A}"
EndProject
Global
	GlobalSection(SolutionConfigurationPlatforms) = preSolution
		Debug|Any CPU = Debug|Any CPU
		Release|Any CPU = Release|Any CPU
	EndGlobalSection
	GlobalSection(ProjectConfigurationPlatforms) = postSolution
		{B6737BAC-ADE1-493B-88BA-89F480F6D32A}.Debug|Any CPU.ActiveCfg = Debug|Any CPU
		{B6737BAC-ADE1-493B-88BA-89F480F6D32A}.Debug|Any CPU.Build.0 = Debug|Any CPU
		{B6737BAC-ADE1-493B-88BA-89F480F6D32A}.Release|Any CPU.ActiveCfg = Release|Any CPU
		{B6737BAC-ADE1-493B-88BA-89F480F6D32A}.Release|Any CPU.Build.0 = Release|Any CPU
	EndGlobalSection
	GlobalSection(SolutionProperties) = preSolution
		HideSolutionNode = FALSE
	EndGlobalSection
	GlobalSection(ExtensibilityGlobals) = postSolution
		SolutionGuid = {BB8CE22E-703B-4208-9488-4EBA12A3729A}
	EndGlobalSection
EndGlobal
