
Microsoft Visual Studio Solution File, Format Version 12.00
# Visual Studio Version 17
VisualStudioVersion = 17.13.35825.156 d17.13
MinimumVisualStudioVersion = 10.0.40219.1
Project("{FAE04EC0-301F-11D3-BF4B-00C04F79EFBC}") = "Constructor2", "Constructor2\Constructor2.csproj", "{D08882EA-F5E6-4130-BA13-352DE367F31B}"
EndProject
Global
	GlobalSection(SolutionConfigurationPlatforms) = preSolution
		Debug|Any CPU = Debug|Any CPU
		Release|Any CPU = Release|Any CPU
	EndGlobalSection
	GlobalSection(ProjectConfigurationPlatforms) = postSolution
		{D08882EA-F5E6-4130-BA13-352DE367F31B}.Debug|Any CPU.ActiveCfg = Debug|Any CPU
		{D08882EA-F5E6-4130-BA13-352DE367F31B}.Debug|Any CPU.Build.0 = Debug|Any CPU
		{D08882EA-F5E6-4130-BA13-352DE367F31B}.Release|Any CPU.ActiveCfg = Release|Any CPU
		{D08882EA-F5E6-4130-BA13-352DE367F31B}.Release|Any CPU.Build.0 = Release|Any CPU
	EndGlobalSection
	GlobalSection(SolutionProperties) = preSolution
		HideSolutionNode = FALSE
	EndGlobalSection
	GlobalSection(ExtensibilityGlobals) = postSolution
		SolutionGuid = {AEBAA1C7-ED0D-47A4-844E-5A083EA032E7}
	EndGlobalSection
EndGlobal
